dependencies:
- name: cert-manager
  repository: https://charts.jetstack.io
  version: v1.20.2
- name: ingress-nginx
  repository: https://kubernetes.github.io/ingress-nginx
  version: 4.15.1
- name: external-dns
  repository: https://kubernetes-sigs.github.io/external-dns/
  version: 1.21.1
- name: cloudnative-pg
  repository: https://cloudnative-pg.github.io/charts
  version: 0.28.0
- name: hcloud-csi
  repository: https://charts.hetzner.cloud
  version: 2.20.2
digest: sha256:aa2d051ba690b6b4217111c5969e952b99e2bd2b34866330b771755057cdc0ca
generated: "2026-05-10T14:56:06.004785+02:00"
